
Microsoft Visual Studio Solution File, Format Version 12.00
# Visual Studio Version 16
VisualStudioVersion = 16.0.30114.105
MinimumVisualStudioVersion = 10.0.40219.1
Project("{9A19103F-16F7-4668-BE54-9A1E7A4F7556}") = "TestGenerator.Web", "TestGenerator.Web\TestGenerator.Web.csproj", "{6A114F20-CAAB-423E-9718-9349E7486E90}"
	ProjectSection(ProjectDependencies) = postProject
		{FBC52D02-F0DE-4939-B44F-1028AB121120} = {FBC52D02-F0DE-4939-B44F-1028AB121120}
	EndProjectSection
EndProject
Project("{9A19103F-16F7-4668-BE54-9A1E7A4F7556}") = "TestGenerator.Model", "TestGenerator.Model\TestGenerator.Model.csproj", "{FBC52D02-F0DE-4939-B44F-1028AB121120}"
EndProject
Project("{9A19103F-16F7-4668-BE54-9A1E7A4F7556}") = "TestGenerator.UnitTest", "TestGenerator.UnitTest\TestGenerator.UnitTest.csproj", "{5CB3C7E0-4B08-4B4F-9E03-6C94F00317E4}"
	ProjectSection(ProjectDependencies) = postProject
		{FBC52D02-F0DE-4939-B44F-1028AB121120} = {FBC52D02-F0DE-4939-B44F-1028AB121120}
		{6A114F20-CAAB-423E-9718-9349E7486E90} = {6A114F20-CAAB-423E-9718-9349E7486E90}
	EndProjectSection
EndProject
Global
	GlobalSection(SolutionConfigurationPlatforms) = preSolution
		Debug|Any CPU = Debug|Any CPU
		Release|Any CPU = Release|Any CPU
	EndGlobalSection
	GlobalSection(ProjectConfigurationPlatforms) = postSolution
		{6A114F20-CAAB-423E-9718-9349E7486E90}.Debug|Any CPU.ActiveCfg = Debug|Any CPU
		{6A114F20-CAAB-423E-9718-9349E7486E90}.Debug|Any CPU.Build.0 = Debug|Any CPU
		{6A114F20-CAAB-423E-9718-9349E7486E90}.Release|Any CPU.ActiveCfg = Release|Any CPU
		{6A114F20-CAAB-423E-9718-9349E7486E90}.Release|Any CPU.Build.0 = Release|Any CPU
		{FBC52D02-F0DE-4939-B44F-1028AB121120}.Debug|Any CPU.ActiveCfg = Debug|Any CPU
		{FBC52D02-F0DE-4939-B44F-1028AB121120}.Debug|Any CPU.Build.0 = Debug|Any CPU
		{FBC52D02-F0DE-4939-B44F-1028AB121120}.Release|Any CPU.ActiveCfg = Release|Any CPU
		{FBC52D02-F0DE-4939-B44F-1028AB121120}.Release|Any CPU.Build.0 = Release|Any CPU
		{5CB3C7E0-4B08-4B4F-9E03-6C94F00317E4}.Debug|Any CPU.ActiveCfg = Debug|Any CPU
		{5CB3C7E0-4B08-4B4F-9E03-6C94F00317E4}.Debug|Any CPU.Build.0 = Debug|Any CPU
		{5CB3C7E0-4B08-4B4F-9E03-6C94F00317E4}.Release|Any CPU.ActiveCfg = Release|Any CPU
		{5CB3C7E0-4B08-4B4F-9E03-6C94F00317E4}.Release|Any CPU.Build.0 = Release|Any CPU
	EndGlobalSection
	GlobalSection(SolutionProperties) = preSolution
		HideSolutionNode = FALSE
	EndGlobalSection
	GlobalSection(ExtensibilityGlobals) = postSolution
		SolutionGuid = {AEFE5E8C-C9A4-4511-B96B-05DD3CFE5580}
	EndGlobalSection
EndGlobal
