
Microsoft Visual Studio Solution File, Format Version 12.00
# Visual Studio Version 16
VisualStudioVersion = 16.0.30011.22
MinimumVisualStudioVersion = 10.0.40219.1
Project("{FAE04EC0-301F-11D3-BF4B-00C04F79EFBC}") = "aspnet-ril-19.Web", "aspnet-ril-19.Web\aspnet-ril-19.Web.csproj", "{AA21C4A8-A753-44BF-A5E0-B77CE7B84800}"
EndProject
Project("{FAE04EC0-301F-11D3-BF4B-00C04F79EFBC}") = "aspnet-ril-19.Tests", "aspnet-ril-19.Tests\aspnet-ril-19.Tests.csproj", "{B6F86429-04F1-4F5D-9D96-2729398690FA}"
EndProject
Global
	GlobalSection(SolutionConfigurationPlatforms) = preSolution
		Debug|Any CPU = Debug|Any CPU
		Release|Any CPU = Release|Any CPU
	EndGlobalSection
	GlobalSection(ProjectConfigurationPlatforms) = postSolution
		{AA21C4A8-A753-44BF-A5E0-B77CE7B84800}.Debug|Any CPU.ActiveCfg = Debug|Any CPU
		{AA21C4A8-A753-44BF-A5E0-B77CE7B84800}.Debug|Any CPU.Build.0 = Debug|Any CPU
		{AA21C4A8-A753-44BF-A5E0-B77CE7B84800}.Release|Any CPU.ActiveCfg = Release|Any CPU
		{AA21C4A8-A753-44BF-A5E0-B77CE7B84800}.Release|Any CPU.Build.0 = Release|Any CPU
		{B6F86429-04F1-4F5D-9D96-2729398690FA}.Debug|Any CPU.ActiveCfg = Debug|Any CPU
		{B6F86429-04F1-4F5D-9D96-2729398690FA}.Debug|Any CPU.Build.0 = Debug|Any CPU
		{B6F86429-04F1-4F5D-9D96-2729398690FA}.Release|Any CPU.ActiveCfg = Release|Any CPU
		{B6F86429-04F1-4F5D-9D96-2729398690FA}.Release|Any CPU.Build.0 = Release|Any CPU
	EndGlobalSection
	GlobalSection(SolutionProperties) = preSolution
		HideSolutionNode = FALSE
	EndGlobalSection
	GlobalSection(ExtensibilityGlobals) = postSolution
		SolutionGuid = {E82D658E-C049-418C-B17F-67DB17AE0BCC}
	EndGlobalSection
EndGlobal
